
Microsoft Visual Studio Solution File, Format Version 12.00
# Visual Studio Version 16
VisualStudioVersion = 16.0.30204.135
MinimumVisualStudioVersion = 10.0.40219.1
Project("{FAE04EC0-301F-11D3-BF4B-00C04F79EFBC}") = "intento_2", "intento_2.csproj", "{14885B36-481C-40FD-AAD6-A68108910E5A}"
EndProject
Global
	GlobalSection(SolutionConfigurationPlatforms) = preSolution
		Debug|Any CPU = Debug|Any CPU
		Release|Any CPU = Release|Any CPU
	EndGlobalSection
	GlobalSection(ProjectConfigurationPlatforms) = postSolution
		{14885B36-481C-40FD-AAD6-A68108910E5A}.Debug|Any CPU.ActiveCfg = Debug|Any CPU
		{14885B36-481C-40FD-AAD6-A68108910E5A}.Debug|Any CPU.Build.0 = Debug|Any CPU
		{14885B36-481C-40FD-AAD6-A68108910E5A}.Release|Any CPU.ActiveCfg = Release|Any CPU
		{14885B36-481C-40FD-AAD6-A68108910E5A}.Release|Any CPU.Build.0 = Release|Any CPU
	EndGlobalSection
	GlobalSection(SolutionProperties) = preSolution
		HideSolutionNode = FALSE
	EndGlobalSection
	GlobalSection(ExtensibilityGlobals) = postSolution
		SolutionGuid = {37CC560F-DF28-4E42-AD2A-6ECA26C4CC70}
	EndGlobalSection
EndGlobal
