
Microsoft Visual Studio Solution File, Format Version 12.00
# Visual Studio Version 16
VisualStudioVersion = 16.0.30225.117
MinimumVisualStudioVersion = 10.0.40219.1
Project("{FAE04EC0-301F-11D3-BF4B-00C04F79EFBC}") = "zona de pruebas", "zona de pruebas.csproj", "{57A6C988-E45A-4C6A-95E9-A5E42F6560C9}"
EndProject
Global
	GlobalSection(SolutionConfigurationPlatforms) = preSolution
		Debug|Any CPU = Debug|Any CPU
		Release|Any CPU = Release|Any CPU
	EndGlobalSection
	GlobalSection(ProjectConfigurationPlatforms) = postSolution
		{57A6C988-E45A-4C6A-95E9-A5E42F6560C9}.Debug|Any CPU.ActiveCfg = Debug|Any CPU
		{57A6C988-E45A-4C6A-95E9-A5E42F6560C9}.Debug|Any CPU.Build.0 = Debug|Any CPU
		{57A6C988-E45A-4C6A-95E9-A5E42F6560C9}.Release|Any CPU.ActiveCfg = Release|Any CPU
		{57A6C988-E45A-4C6A-95E9-A5E42F6560C9}.Release|Any CPU.Build.0 = Release|Any CPU
	EndGlobalSection
	GlobalSection(SolutionProperties) = preSolution
		HideSolutionNode = FALSE
	EndGlobalSection
	GlobalSection(ExtensibilityGlobals) = postSolution
		SolutionGuid = {85B4BA2A-75DC-4818-9A53-97996D2BB51C}
	EndGlobalSection
EndGlobal
